
Microsoft Visual Studio Solution File, Format Version 12.00
# Visual Studio Version 17
VisualStudioVersion = 17.11.35222.181
MinimumVisualStudioVersion = 10.0.40219.1
Project("{FAE04EC0-301F-11D3-BF4B-00C04F79EFBC}") = "G24W1301WPFControls", "G24W1301WPFControls\G24W1301WPFControls.csproj", "{81B5DD80-DF7B-42A9-8392-1F0526ADDFA6}"
EndProject
Global
	GlobalSection(SolutionConfigurationPlatforms) = preSolution
		Debug|Any CPU = Debug|Any CPU
		Release|Any CPU = Release|Any CPU
	EndGlobalSection
	GlobalSection(ProjectConfigurationPlatforms) = postSolution
		{81B5DD80-DF7B-42A9-8392-1F0526ADDFA6}.Debug|Any CPU.ActiveCfg = Debug|Any CPU
		{81B5DD80-DF7B-42A9-8392-1F0526ADDFA6}.Debug|Any CPU.Build.0 = Debug|Any CPU
		{81B5DD80-DF7B-42A9-8392-1F0526ADDFA6}.Release|Any CPU.ActiveCfg = Release|Any CPU
		{81B5DD80-DF7B-42A9-8392-1F0526ADDFA6}.Release|Any CPU.Build.0 = Release|Any CPU
	EndGlobalSection
	GlobalSection(SolutionProperties) = preSolution
		HideSolutionNode = FALSE
	EndGlobalSection
	GlobalSection(ExtensibilityGlobals) = postSolution
		SolutionGuid = {B0503AA7-73CC-436D-932B-F45E683411BF}
	EndGlobalSection
EndGlobal
